// !$*UTF8*$!
{
	archiveVersion = 1;
	classes = {
	};
	objectVersion = 50;
	objects = {

/* Begin PBXBuildFile section */
		1BE5DCB0224E59A000BF06DD /* AppDelegate.swift in Sources */ = {isa = PBXBuildFile; fileRef = 1BE5DCAF224E59A000BF06DD /* AppDelegate.swift */; };
		1BE5DCB2224E59A000BF06DD /* ViewController.swift in Sources */ = {isa = PBXBuildFile; fileRef = 1BE5DCB1224E59A000BF06DD /* ViewController.swift */; };
		1BE5DCB5224E59A000BF06DD /* Main.storyboard in Resources */ = {isa = PBXBuildFile; fileRef = 1BE5DCB3224E59A000BF06DD /* Main.storyboard */; };
		1BE5DCB7224E59A200BF06DD /* Assets.xcassets in Resources */ = {isa = PBXBuildFile; fileRef = 1BE5DCB6224E59A200BF06DD /* Assets.xcassets */; };
		1BE5DCBA224E59A200BF06DD /* LaunchScreen.storyboard in Resources */ = {isa = PBXBuildFile; fileRef = 1BE5DCB8224E59A200BF06DD /* LaunchScreen.storyboard */; };
		1BE5DCC5224E59A200BF06DD /* Push_testTests.swift in Sources */ = {isa = PBXBuildFile; fileRef = 1BE5DCC4224E59A200BF06DD /* Push_testTests.swift */; };
		1BE5DCD0224E59A200BF06DD /* Push_testUITests.swift in Sources */ = {isa = PBXBuildFile; fileRef = 1BE5DCCF224E59A200BF06DD /* Push_testUITests.swift */; };
/* End PBXBuildFile section */

/* Begin PBXContainerItemProxy section */
		1BE5DCC1224E59A200BF06DD /* PBXContainerItemProxy */ = {
			isa = PBXContainerItemProxy;
			containerPortal = 1BE5DCA4224E599F00BF06DD /* Project object */;
			proxyType = 1;
			remoteGlobalIDString = 1BE5DCAB224E59A000BF06DD;
			remoteInfo = Push_test;
		};
		1BE5DCCC224E59A200BF06DD /* PBXContainerItemProxy */ = {
			isa = PBXContainerItemProxy;
			containerPortal = 1BE5DCA4224E599F00BF06DD /* Project object */;
			proxyType = 1;
			remoteGlobalIDString = 1BE5DCAB224E59A000BF06DD;
			remoteInfo = Push_test;
		};
/* End PBXContainerItemProxy section */

/* Begin PBXFileReference section */
		1BE5DCAC224E59A000BF06DD /* Push_test.app */ = {isa = PBXFileReference; explicitFileType = wrapper.application; includeInIndex = 0; path = Push_test.app; sourceTree = BUILT_PRODUCTS_DIR; };
		1BE5DCAF224E59A000BF06DD /* AppDelegate.swift */ = {isa = PBXFileReference; lastKnownFileType = sourcecode.swift; path = AppDelegate.swift; sourceTree = "<group>"; };
		1BE5DCB1224E59A000BF06DD /* ViewController.swift */ = {isa = PBXFileReference; lastKnownFileType = sourcecode.swift; path = ViewController.swift; sourceTree = "<group>"; };
		1BE5DCB4224E59A000BF06DD /* Base */ = {isa = PBXFileReference; lastKnownFileType = file.storyboard; name = Base; path = Base.lproj/Main.storyboard; sourceTree = "<group>"; };
		1BE5DCB6224E59A200BF06DD /* Assets.xcassets */ = {isa = PBXFileReference; lastKnownFileType = folder.assetcatalog; path = Assets.xcassets; sourceTree = "<group>"; };
		1BE5DCB9224E59A200BF06DD /* Base */ = {isa = PBXFileReference; lastKnownFileType = file.storyboard; name = Base; path = Base.lproj/LaunchScreen.storyboard; sourceTree = "<group>"; };
		1BE5DCBB224E59A200BF06DD /* Info.plist */ = {isa = PBXFileReference; lastKnownFileType = text.plist.xml; path = Info.plist; sourceTree = "<group>"; };
		1BE5DCC0224E59A200BF06DD /* Push_testTests.xctest */ = {isa = PBXFileReference; explicitFileType = wrapper.cfbundle; includeInIndex = 0; path = Push_testTests.xctest; sourceTree = BUILT_PRODUCTS_DIR; };
		1BE5DCC4224E59A200BF06DD /* Push_testTests.swift */ = {isa = PBXFileReference; lastKnownFileType = sourcecode.swift; path = Push_testTests.swift; sourceTree = "<group>"; };
		1BE5DCC6224E59A200BF06DD /* Info.plist */ = {isa = PBXFileReference; lastKnownFileType = text.plist.xml; path = Info.plist; sourceTree = "<group>"; };
		1BE5DCCB224E59A200BF06DD /* Push_testUITests.xctest */ = {isa = PBXFileReference; explicitFileType = wrapper.cfbundle; includeInIndex = 0; path = Push_testUITests.xctest; sourceTree = BUILT_PRODUCTS_DIR; };
		1BE5DCCF224E59A200BF06DD /* Push_testUITests.swift */ = {isa = PBXFileReference; lastKnownFileType = sourcecode.swift; path = Push_testUITests.swift; sourceTree = "<group>"; };
		1BE5DCD1224E59A200BF06DD /* Info.plist */ = {isa = PBXFileReference; lastKnownFileType = text.plist.xml; path = Info.plist; sourceTree = "<group>"; };
		1BE5DCDD224E59B400BF06DD /* Push_test.entitlements */ = {isa = PBXFileReference; lastKnownFileType = text.plist.entitlements; path = Push_test.entitlements; sourceTree = "<group>"; };
/* End PBXFileReference section */

/* Begin PBXFrameworksBuildPhase section */
		1BE5DCA9224E59A000BF06DD /* Frameworks */ = {
			isa = PBXFrameworksBuildPhase;
			buildActionMask = 2147483647;
			files = (
			);
			runOnlyForDeploymentPostprocessing = 0;
		};
		1BE5DCBD224E59A200BF06DD /* Frameworks */ = {
			isa = PBXFrameworksBuildPhase;
			buildActionMask = 2147483647;
			files = (
			);
			runOnlyForDeploymentPostprocessing = 0;
		};
		1BE5DCC8224E59A200BF06DD /* Frameworks */ = {
			isa = PBXFrameworksBuildPhase;
			buildActionMask = 2147483647;
			files = (
			);
			runOnlyForDeploymentPostprocessing = 0;
		};
/* End PBXFrameworksBuildPhase section */

/* Begin PBXGroup section */
		1BE5DCA3224E599F00BF06DD = {
			isa = PBXGroup;
			children = (
				1BE5DCAE224E59A000BF06DD /* Push_test */,
				1BE5DCC3224E59A200BF06DD /* Push_testTests */,
				1BE5DCCE224E59A200BF06DD /* Push_testUITests */,
				1BE5DCAD224E59A000BF06DD /* Products */,
			);
			sourceTree = "<group>";
		};
		1BE5DCAD224E59A000BF06DD /* Products */ = {
			isa = PBXGroup;
			children = (
				1BE5DCAC224E59A000BF06DD /* Push_test.app */,
				1BE5DCC0224E59A200BF06DD /* Push_testTests.xctest */,
				1BE5DCCB224E59A200BF06DD /* Push_testUITests.xctest */,
			);
			name = Products;
			sourceTree = "<group>";
		};
		1BE5DCAE224E59A000BF06DD /* Push_test */ = {
			isa = PBXGroup;
			children = (
				1BE5DCDD224E59B400BF06DD /* Push_test.entitlements */,
				1BE5DCAF224E59A000BF06DD /* AppDelegate.swift */,
				1BE5DCB1224E59A000BF06DD /* ViewController.swift */,
				1BE5DCB3224E59A000BF06DD /* Main.storyboard */,
				1BE5DCB6224E59A200BF06DD /* Assets.xcassets */,
				1BE5DCB8224E59A200BF06DD /* LaunchScreen.storyboard */,
				1BE5DCBB224E59A200BF06DD /* Info.plist */,
			);
			path = Push_test;
			sourceTree = "<group>";
		};
		1BE5DCC3224E59A200BF06DD /* Push_testTests */ = {
			isa = PBXGroup;
			children = (
				1BE5DCC4224E59A200BF06DD /* Push_testTests.swift */,
				1BE5DCC6224E59A200BF06DD /* Info.plist */,
			);
			path = Push_testTests;
			sourceTree = "<group>";
		};
		1BE5DCCE224E59A200BF06DD /* Push_testUITests */ = {
			isa = PBXGroup;
			children = (
				1BE5DCCF224E59A200BF06DD /* Push_testUITests.swift */,
				1BE5DCD1224E59A200BF06DD /* Info.plist */,
			);
			path = Push_testUITests;
			sourceTree = "<group>";
		};
/* End PBXGroup section */

/* Begin PBXNativeTarget section */
		1BE5DCAB224E59A000BF06DD /* Push_test */ = {
			isa = PBXNativeTarget;
			buildConfigurationList = 1BE5DCD4224E59A200BF06DD /* Build configuration list for PBXNativeTarget "Push_test" */;
			buildPhases = (
				1BE5DCA8224E59A000BF06DD /* Sources */,
				1BE5DCA9224E59A000BF06DD /* Frameworks */,
				1BE5DCAA224E59A000BF06DD /* Resources */,
			);
			buildRules = (
			);
			dependencies = (
			);
			name = Push_test;
			productName = Push_test;
			productReference = 1BE5DCAC224E59A000BF06DD /* Push_test.app */;
			productType = "com.apple.product-type.application";
		};
		1BE5DCBF224E59A200BF06DD /* Push_testTests */ = {
			isa = PBXNativeTarget;
			buildConfigurationList = 1BE5DCD7224E59A200BF06DD /* Build configuration list for PBXNativeTarget "Push_testTests" */;
			buildPhases = (
				1BE5DCBC224E59A200BF06DD /* Sources */,
				1BE5DCBD224E59A200BF06DD /* Frameworks */,
				1BE5DCBE224E59A200BF06DD /* Resources */,
			);
			buildRules = (
			);
			dependencies = (
				1BE5DCC2224E59A200BF06DD /* PBXTargetDependency */,
			);
			name = Push_testTests;
			productName = Push_testTests;
			productReference = 1BE5DCC0224E59A200BF06DD /* Push_testTests.xctest */;
			productType = "com.apple.product-type.bundle.unit-test";
		};
		1BE5DCCA224E59A200BF06DD /* Push_testUITests */ = {
			isa = PBXNativeTarget;
			buildConfigurationList = 1BE5DCDA224E59A200BF06DD /* Build configuration list for PBXNativeTarget "Push_testUITests" */;
			buildPhases = (
				1BE5DCC7224E59A200BF06DD /* Sources */,
				1BE5DCC8224E59A200BF06DD /* Frameworks */,
				1BE5DCC9224E59A200BF06DD /* Resources */,
			);
			buildRules = (
			);
			dependencies = (
				1BE5DCCD224E59A200BF06DD /* PBXTargetDependency */,
			);
			name = Push_testUITests;
			productName = Push_testUITests;
			productReference = 1BE5DCCB224E59A200BF06DD /* Push_testUITests.xctest */;
			productType = "com.apple.product-type.bundle.ui-testing";
		};
/* End PBXNativeTarget section */

/* Begin PBXProject section */
		1BE5DCA4224E599F00BF06DD /* Project object */ = {
			isa = PBXProject;
			attributes = {
				LastSwiftUpdateCheck = 1020;
				LastUpgradeCheck = 1020;
				ORGANIZATIONNAME = Bitrise;
				TargetAttributes = {
					1BE5DCAB224E59A000BF06DD = {
						CreatedOnToolsVersion = 10.2;
						SystemCapabilities = {
							com.apple.Push = {
								enabled = 1;
							};
						};
					};
					1BE5DCBF224E59A200BF06DD = {
						CreatedOnToolsVersion = 10.2;
						TestTargetID = 1BE5DCAB224E59A000BF06DD;
					};
					1BE5DCCA224E59A200BF06DD = {
						CreatedOnToolsVersion = 10.2;
						TestTargetID = 1BE5DCAB224E59A000BF06DD;
					};
				};
			};
			buildConfigurationList = 1BE5DCA7224E599F00BF06DD /* Build configuration list for PBXProject "Push_test" */;
			compatibilityVersion = "Xcode 9.3";
			developmentRegion = en;
			hasScannedForEncodings = 0;
			knownRegions = (
				en,
				Base,
			);
			mainGroup = 1BE5DCA3224E599F00BF06DD;
			productRefGroup = 1BE5DCAD224E59A000BF06DD /* Products */;
			projectDirPath = "";
			projectRoot = "";
			targets = (
				1BE5DCAB224E59A000BF06DD /* Push_test */,
				1BE5DCBF224E59A200BF06DD /* Push_testTests */,
				1BE5DCCA224E59A200BF06DD /* Push_testUITests */,
			);
		};
/* End PBXProject section */

/* Begin PBXResourcesBuildPhase section */
		1BE5DCAA224E59A000BF06DD /* Resources */ = {
			isa = PBXResourcesBuildPhase;
			buildActionMask = 2147483647;
			files = (
				1BE5DCBA224E59A200BF06DD /* LaunchScreen.storyboard in Resources */,
				1BE5DCB7224E59A200BF06DD /* Assets.xcassets in Resources */,
				1BE5DCB5224E59A000BF06DD /* Main.storyboard in Resources */,
			);
			runOnlyForDeploymentPostprocessing = 0;
		};
		1BE5DCBE224E59A200BF06DD /* Resources */ = {
			isa = PBXResourcesBuildPhase;
			buildActionMask = 2147483647;
			files = (
			);
			runOnlyForDeploymentPostprocessing = 0;
		};
		1BE5DCC9224E59A200BF06DD /* Resources */ = {
			isa = PBXResourcesBuildPhase;
			buildActionMask = 2147483647;
			files = (
			);
			runOnlyForDeploymentPostprocessing = 0;
		};
/* End PBXResourcesBuildPhase section */

/* Begin PBXSourcesBuildPhase section */
		1BE5DCA8224E59A000BF06DD /* Sources */ = {
			isa = PBXSourcesBuildPhase;
			buildActionMask = 2147483647;
			files = (
				1BE5DCB2224E59A000BF06DD /* ViewController.swift in Sources */,
				1BE5DCB0224E59A000BF06DD /* AppDelegate.swift in Sources */,
			);
			runOnlyForDeploymentPostprocessing = 0;
		};
		1BE5DCBC224E59A200BF06DD /* Sources */ = {
			isa = PBXSourcesBuildPhase;
			buildActionMask = 2147483647;
			files = (
				1BE5DCC5224E59A200BF06DD /* Push_testTests.swift in Sources */,
			);
			runOnlyForDeploymentPostprocessing = 0;
		};
		1BE5DCC7224E59A200BF06DD /* Sources */ = {
			isa = PBXSourcesBuildPhase;
			buildActionMask = 2147483647;
			files = (
				1BE5DCD0224E59A200BF06DD /* Push_testUITests.swift in Sources */,
			);
			runOnlyForDeploymentPostprocessing = 0;
		};
/* End PBXSourcesBuildPhase section */

/* Begin PBXTargetDependency section */
		1BE5DCC2224E59A200BF06DD /* PBXTargetDependency */ = {
			isa = PBXTargetDependency;
			target = 1BE5DCAB224E59A000BF06DD /* Push_test */;
			targetProxy = 1BE5DCC1224E59A200BF06DD /* PBXContainerItemProxy */;
		};
		1BE5DCCD224E59A200BF06DD /* PBXTargetDependency */ = {
			isa = PBXTargetDependency;
			target = 1BE5DCAB224E59A000BF06DD /* Push_test */;
			targetProxy = 1BE5DCCC224E59A200BF06DD /* PBXContainerItemProxy */;
		};
/* End PBXTargetDependency section */

/* Begin PBXVariantGroup section */
		1BE5DCB3224E59A000BF06DD /* Main.storyboard */ = {
			isa = PBXVariantGroup;
			children = (
				1BE5DCB4224E59A000BF06DD /* Base */,
			);
			name = Main.storyboard;
			sourceTree = "<group>";
		};
		1BE5DCB8224E59A200BF06DD /* LaunchScreen.storyboard */ = {
			isa = PBXVariantGroup;
			children = (
				1BE5DCB9224E59A200BF06DD /* Base */,
			);
			name = LaunchScreen.storyboard;
			sourceTree = "<group>";
		};
/* End PBXVariantGroup section */

/* Begin XCBuildConfiguration section */
		1BE5DCD2224E59A200BF06DD /* Debug */ = {
			isa = XCBuildConfiguration;
			buildSettings = {
				ALWAYS_SEARCH_USER_PATHS = NO;
				CLANG_ANALYZER_NONNULL = YES;
				CLANG_ANALYZER_NUMBER_OBJECT_CONVERSION = YES_AGGRESSIVE;
				CLANG_CXX_LANGUAGE_STANDARD = "gnu++14";
				CLANG_CXX_LIBRARY = "libc++";
				CLANG_ENABLE_MODULES = YES;
				CLANG_ENABLE_OBJC_ARC = YES;
				CLANG_ENABLE_OBJC_WEAK = YES;
				CLANG_WARN_BLOCK_CAPTURE_AUTORELEASING = YES;
				CLANG_WARN_BOOL_CONVERSION = YES;
				CLANG_WARN_COMMA = YES;
				CLANG_WARN_CONSTANT_CONVERSION = YES;
				CLANG_WARN_DEPRECATED_OBJC_IMPLEMENTATIONS = YES;
				CLANG_WARN_DIRECT_OBJC_ISA_USAGE = YES_ERROR;
				CLANG_WARN_DOCUMENTATION_COMMENTS = YES;
				CLANG_WARN_EMPTY_BODY = YES;
				CLANG_WARN_ENUM_CONVERSION = YES;
				CLANG_WARN_INFINITE_RECURSION = YES;
				CLANG_WARN_INT_CONVERSION = YES;
				CLANG_WARN_NON_LITERAL_NULL_CONVERSION = YES;
				CLANG_WARN_OBJC_IMPLICIT_RETAIN_SELF = YES;
				CLANG_WARN_OBJC_LITERAL_CONVERSION = YES;
				CLANG_WARN_OBJC_ROOT_CLASS = YES_ERROR;
				CLANG_WARN_RANGE_LOOP_ANALYSIS = YES;
				CLANG_WARN_STRICT_PROTOTYPES = YES;
				CLANG_WARN_SUSPICIOUS_MOVE = YES;
				CLANG_WARN_UNGUARDED_AVAILABILITY = YES_AGGRESSIVE;
				CLANG_WARN_UNREACHABLE_CODE = YES;
				CLANG_WARN__DUPLICATE_METHOD_MATCH = YES;
				CODE_SIGN_IDENTITY = "iPhone Developer";
				COPY_PHASE_STRIP = NO;
				DEBUG_INFORMATION_FORMAT = dwarf;
				ENABLE_STRICT_OBJC_MSGSEND = YES;
				ENABLE_TESTABILITY = YES;
				GCC_C_LANGUAGE_STANDARD = gnu11;
				GCC_DYNAMIC_NO_PIC = NO;
				GCC_NO_COMMON_BLOCKS = YES;
				GCC_OPTIMIZATION_LEVEL = 0;
				GCC_PREPROCESSOR_DEFINITIONS = (
					"DEBUG=1",
					"$(inherited)",
				);
				GCC_WARN_64_TO_32_BIT_CONVERSION = YES;
				GCC_WARN_ABOUT_RETURN_TYPE = YES_ERROR;
				GCC_WARN_UNDECLARED_SELECTOR = YES;
				GCC_WARN_UNINITIALIZED_AUTOS = YES_AGGRESSIVE;
				GCC_WARN_UNUSED_FUNCTION = YES;
				GCC_WARN_UNUSED_VARIABLE = YES;
				IPHONEOS_DEPLOYMENT_TARGET = 12.2;
				MTL_ENABLE_DEBUG_INFO = INCLUDE_SOURCE;
				MTL_FAST_MATH = YES;
				ONLY_ACTIVE_ARCH = YES;
				SDKROOT = iphoneos;
				SWIFT_ACTIVE_COMPILATION_CONDITIONS = DEBUG;
				SWIFT_OPTIMIZATION_LEVEL = "-Onone";
			};
			name = Debug;
		};
		1BE5DCD3224E59A200BF06DD /* Release */ = {
			isa = XCBuildConfiguration;
			buildSettings = {
				ALWAYS_SEARCH_USER_PATHS = NO;
				CLANG_ANALYZER_NONNULL = YES;
				CLANG_ANALYZER_NUMBER_OBJECT_CONVERSION = YES_AGGRESSIVE;
				CLANG_CXX_LANGUAGE_STANDARD = "gnu++14";
				CLANG_CXX_LIBRARY = "libc++";
				CLANG_ENABLE_MODULES = YES;
				CLANG_ENABLE_OBJC_ARC = YES;
				CLANG_ENABLE_OBJC_WEAK = YES;
				CLANG_WARN_BLOCK_CAPTURE_AUTORELEASING = YES;
				CLANG_WARN_BOOL_CONVERSION = YES;
				CLANG_WARN_COMMA = YES;
				CLANG_WARN_CONSTANT_CONVERSION = YES;
				CLANG_WARN_DEPRECATED_OBJC_IMPLEMENTATIONS = YES;
				CLANG_WARN_DIRECT_OBJC_ISA_USAGE = YES_ERROR;
				CLANG_WARN_DOCUMENTATION_COMMENTS = YES;
				CLANG_WARN_EMPTY_BODY = YES;
				CLANG_WARN_ENUM_CONVERSION = YES;
				CLANG_WARN_INFINITE_RECURSION = YES;
				CLANG_WARN_INT_CONVERSION = YES;
				CLANG_WARN_NON_LITERAL_NULL_CONVERSION = YES;
				CLANG_WARN_OBJC_IMPLICIT_RETAIN_SELF = YES;
				CLANG_WARN_OBJC_LITERAL_CONVERSION = YES;
				CLANG_WARN_OBJC_ROOT_CLASS = YES_ERROR;
				CLANG_WARN_RANGE_LOOP_ANALYSIS = YES;
				CLANG_WARN_STRICT_PROTOTYPES = YES;
				CLANG_WARN_SUSPICIOUS_MOVE = YES;
				CLANG_WARN_UNGUARDED_AVAILABILITY = YES_AGGRESSIVE;
				CLANG_WARN_UNREACHABLE_CODE = YES;
				CLANG_WARN__DUPLICATE_METHOD_MATCH = YES;
				CODE_SIGN_IDENTITY = "iPhone Developer";
				COPY_PHASE_STRIP = NO;
				DEBUG_INFORMATION_FORMAT = "dwarf-with-dsym";
				ENABLE_NS_ASSERTIONS = NO;
				ENABLE_STRICT_OBJC_MSGSEND = YES;
				GCC_C_LANGUAGE_STANDARD = gnu11;
				GCC_NO_COMMON_BLOCKS = YES;
				GCC_WARN_64_TO_32_BIT_CONVERSION = YES;
				GCC_WARN_ABOUT_RETURN_TYPE = YES_ERROR;
				GCC_WARN_UNDECLARED_SELECTOR = YES;
				GCC_WARN_UNINITIALIZED_AUTOS = YES_AGGRESSIVE;
				GCC_WARN_UNUSED_FUNCTION = YES;
				GCC_WARN_UNUSED_VARIABLE = YES;
				IPHONEOS_DEPLOYMENT_TARGET = 12.2;
				MTL_ENABLE_DEBUG_INFO = NO;
				MTL_FAST_MATH = YES;
				SDKROOT = iphoneos;
				SWIFT_COMPILATION_MODE = wholemodule;
				SWIFT_OPTIMIZATION_LEVEL = "-O";
				VALIDATE_PRODUCT = YES;
			};
			name = Release;
		};
		1BE5DCD5224E59A200BF06DD /* Debug */ = {
			isa = XCBuildConfiguration;
			buildSettings = {
				ASSETCATALOG_COMPILER_APPICON_NAME = AppIcon;
				CODE_SIGN_ENTITLEMENTS = Push_test/Push_test.entitlements;
				CODE_SIGN_STYLE = Manual;
				DEVELOPMENT_TEAM = "";
				INFOPLIST_FILE = Push_test/Info.plist;
				LD_RUNPATH_SEARCH_PATHS = (
					"$(inherited)",
					"@executable_path/Frameworks",
				);
				PRODUCT_BUNDLE_IDENTIFIER = "com.bitrise.Push-test";
				PRODUCT_NAME = "$(TARGET_NAME)";
				PROVISIONING_PROFILE_SPECIFIER = "";
				SWIFT_VERSION = 5.0;
				TARGETED_DEVICE_FAMILY = "1,2";
			};
			name = Debug;
		};
		1BE5DCD6224E59A200BF06DD /* Release */ = {
			isa = XCBuildConfiguration;
			buildSettings = {
				ASSETCATALOG_COMPILER_APPICON_NAME = AppIcon;
				CODE_SIGN_ENTITLEMENTS = Push_test/Push_test.entitlements;
				CODE_SIGN_STYLE = Manual;
				DEVELOPMENT_TEAM = "";
				INFOPLIST_FILE = Push_test/Info.plist;
				LD_RUNPATH_SEARCH_PATHS = (
					"$(inherited)",
					"@executable_path/Frameworks",
				);
				PRODUCT_BUNDLE_IDENTIFIER = "com.bitrise.Push-test";
				PRODUCT_NAME = "$(TARGET_NAME)";
				PROVISIONING_PROFILE_SPECIFIER = "";
				SWIFT_VERSION = 5.0;
				TARGETED_DEVICE_FAMILY = "1,2";
			};
			name = Release;
		};
		1BE5DCD8224E59A200BF06DD /* Debug */ = {
			isa = XCBuildConfiguration;
			buildSettings = {
				ALWAYS_EMBED_SWIFT_STANDARD_LIBRARIES = YES;
				BUNDLE_LOADER = "$(TEST_HOST)";
				CODE_SIGN_STYLE = Automatic;
				DEVELOPMENT_TEAM = 72SA8V3WYL;
				INFOPLIST_FILE = Push_testTests/Info.plist;
				LD_RUNPATH_SEARCH_PATHS = (
					"$(inherited)",
					"@executable_path/Frameworks",
					"@loader_path/Frameworks",
				);
				PRODUCT_BUNDLE_IDENTIFIER = "com.bitrise.Push-testTests";
				PRODUCT_NAME = "$(TARGET_NAME)";
				SWIFT_VERSION = 5.0;
				TARGETED_DEVICE_FAMILY = "1,2";
				TEST_HOST = "$(BUILT_PRODUCTS_DIR)/Push_test.app/Push_test";
			};
			name = Debug;
		};
		1BE5DCD9224E59A200BF06DD /* Release */ = {
			isa = XCBuildConfiguration;
			buildSettings = {
				ALWAYS_EMBED_SWIFT_STANDARD_LIBRARIES = YES;
				BUNDLE_LOADER = "$(TEST_HOST)";
				CODE_SIGN_STYLE = Automatic;
				DEVELOPMENT_TEAM = 72SA8V3WYL;
				INFOPLIST_FILE = Push_testTests/Info.plist;
				LD_RUNPATH_SEARCH_PATHS = (
					"$(inherited)",
					"@executable_path/Frameworks",
					"@loader_path/Frameworks",
				);
				PRODUCT_BUNDLE_IDENTIFIER = "com.bitrise.Push-testTests";
				PRODUCT_NAME = "$(TARGET_NAME)";
				SWIFT_VERSION = 5.0;
				TARGETED_DEVICE_FAMILY = "1,2";
				TEST_HOST = "$(BUILT_PRODUCTS_DIR)/Push_test.app/Push_test";
			};
			name = Release;
		};
		1BE5DCDB224E59A200BF06DD /* Debug */ = {
			isa = XCBuildConfiguration;
			buildSettings = {
				ALWAYS_EMBED_SWIFT_STANDARD_LIBRARIES = YES;
				CODE_SIGN_STYLE = Automatic;
				DEVELOPMENT_TEAM = 72SA8V3WYL;
				INFOPLIST_FILE = Push_testUITests/Info.plist;
				LD_RUNPATH_SEARCH_PATHS = (
					"$(inherited)",
					"@executable_path/Frameworks",
					"@loader_path/Frameworks",
				);
				PRODUCT_BUNDLE_IDENTIFIER = "com.bitrise.Push-testUITests";
				PRODUCT_NAME = "$(TARGET_NAME)";
				SWIFT_VERSION = 5.0;
				TARGETED_DEVICE_FAMILY = "1,2";
				TEST_TARGET_NAME = Push_test;
			};
			name = Debug;
		};
		1BE5DCDC224E59A200BF06DD /* Release */ = {
			isa = XCBuildConfiguration;
			buildSettings = {
				ALWAYS_EMBED_SWIFT_STANDARD_LIBRARIES = YES;
				CODE_SIGN_STYLE = Automatic;
				DEVELOPMENT_TEAM = 72SA8V3WYL;
				INFOPLIST_FILE = Push_testUITests/Info.plist;
				LD_RUNPATH_SEARCH_PATHS = (
					"$(inherited)",
					"@executable_path/Frameworks",
					"@loader_path/Frameworks",
				);
				PRODUCT_BUNDLE_IDENTIFIER = "com.bitrise.Push-testUITests";
				PRODUCT_NAME = "$(TARGET_NAME)";
				SWIFT_VERSION = 5.0;
				TARGETED_DEVICE_FAMILY = "1,2";
				TEST_TARGET_NAME = Push_test;
			};
			name = Release;
		};
/* End XCBuildConfiguration section */

/* Begin XCConfigurationList section */
		1BE5DCA7224E599F00BF06DD /* Build configuration list for PBXProject "Push_test" */ = {
			isa = XCConfigurationList;
			buildConfigurations = (
				1BE5DCD2224E59A200BF06DD /* Debug */,
				1BE5DCD3224E59A200BF06DD /* Release */,
			);
			defaultConfigurationIsVisible = 0;
			defaultConfigurationName = Release;
		};
		1BE5DCD4224E59A200BF06DD /* Build configuration list for PBXNativeTarget "Push_test" */ = {
			isa = XCConfigurationList;
			buildConfigurations = (
				1BE5DCD5224E59A200BF06DD /* Debug */,
				1BE5DCD6224E59A200BF06DD /* Release */,
			);
			defaultConfigurationIsVisible = 0;
			defaultConfigurationName = Release;
		};
		1BE5DCD7224E59A200BF06DD /* Build configuration list for PBXNativeTarget "Push_testTests" */ = {
			isa = XCConfigurationList;
			buildConfigurations = (
				1BE5DCD8224E59A200BF06DD /* Debug */,
				1BE5DCD9224E59A200BF06DD /* Release */,
			);
			defaultConfigurationIsVisible = 0;
			defaultConfigurationName = Release;
		};
		1BE5DCDA224E59A200BF06DD /* Build configuration list for PBXNativeTarget "Push_testUITests" */ = {
			isa = XCConfigurationList;
			buildConfigurations = (
				1BE5DCDB224E59A200BF06DD /* Debug */,
				1BE5DCDC224E59A200BF06DD /* Release */,
			);
			defaultConfigurationIsVisible = 0;
			defaultConfigurationName = Release;
		};
/* End XCConfigurationList section */
	};
	rootObject = 1BE5DCA4224E599F00BF06DD /* Project object */;
}
